
Microsoft Visual Studio Solution File, Format Version 12.00
# Visual Studio Version 17
VisualStudioVersion = 17.1.32414.318
MinimumVisualStudioVersion = 10.0.40219.1
Project("{9A19103F-16F7-4668-BE54-9A1E7A4F7556}") = "PetStoreNetCore.Core", "PetStoreNetCore.Core\PetStoreNetCore.Core.csproj", "{6E5B3716-0030-46A8-BADB-5A2F40457BD5}"
EndProject
Project("{9A19103F-16F7-4668-BE54-9A1E7A4F7556}") = "PetStore.Data", "PetStore.Data\PetStore.Data.csproj", "{7AA89771-75F6-4ECC-84F6-CD4AA914B6F0}"
EndProject
Project("{9A19103F-16F7-4668-BE54-9A1E7A4F7556}") = "PetStoreNetCore", "PetStoreNetCore\PetStoreNetCore.csproj", "{544E9A19-07FD-4962-8899-4CA19D2CAE1D}"
EndProject
Global
	GlobalSection(SolutionConfigurationPlatforms) = preSolution
		Debug|Any CPU = Debug|Any CPU
		Release|Any CPU = Release|Any CPU
	EndGlobalSection
	GlobalSection(ProjectConfigurationPlatforms) = postSolution
		{6E5B3716-0030-46A8-BADB-5A2F40457BD5}.Debug|Any CPU.ActiveCfg = Debug|Any CPU
		{6E5B3716-0030-46A8-BADB-5A2F40457BD5}.Debug|Any CPU.Build.0 = Debug|Any CPU
		{6E5B3716-0030-46A8-BADB-5A2F40457BD5}.Release|Any CPU.ActiveCfg = Release|Any CPU
		{6E5B3716-0030-46A8-BADB-5A2F40457BD5}.Release|Any CPU.Build.0 = Release|Any CPU
		{7AA89771-75F6-4ECC-84F6-CD4AA914B6F0}.Debug|Any CPU.ActiveCfg = Debug|Any CPU
		{7AA89771-75F6-4ECC-84F6-CD4AA914B6F0}.Debug|Any CPU.Build.0 = Debug|Any CPU
		{7AA89771-75F6-4ECC-84F6-CD4AA914B6F0}.Release|Any CPU.ActiveCfg = Release|Any CPU
		{7AA89771-75F6-4ECC-84F6-CD4AA914B6F0}.Release|Any CPU.Build.0 = Release|Any CPU
		{544E9A19-07FD-4962-8899-4CA19D2CAE1D}.Debug|Any CPU.ActiveCfg = Debug|Any CPU
		{544E9A19-07FD-4962-8899-4CA19D2CAE1D}.Debug|Any CPU.Build.0 = Debug|Any CPU
		{544E9A19-07FD-4962-8899-4CA19D2CAE1D}.Release|Any CPU.ActiveCfg = Release|Any CPU
		{544E9A19-07FD-4962-8899-4CA19D2CAE1D}.Release|Any CPU.Build.0 = Release|Any CPU
	EndGlobalSection
	GlobalSection(SolutionProperties) = preSolution
		HideSolutionNode = FALSE
	EndGlobalSection
	GlobalSection(ExtensibilityGlobals) = postSolution
		SolutionGuid = {85A60B57-A4A6-464D-A28C-626386B832C8}
	EndGlobalSection
EndGlobal
